{
  "name": "habitat",
  "version": "1.0.0",
  "lockfileVersion": 1,
  "requires": true,
  "dependencies": {
    "@okta/okta-auth-js": {
      "version": "1.17.1",
      "resolved": "https://registry.npmjs.org/@okta/okta-auth-js/-/okta-auth-js-1.17.1.tgz",
      "integrity": "sha512-Ms7UOLZfquApua8mKZSCI6H+vPdXN32bE9Ntp40K68TiCNYM+JQNvXj7DZN75Lzb+rJRQQ2YS0/gCCv1xBkvAg==",
      "requires": {
        "Base64": "0.3.0",
        "q": "1.4.1",
        "reqwest": "2.0.5",
        "tiny-emitter": "1.1.0",
        "xhr2": "0.1.3"
      }
    },
    "@okta/okta-signin-widget": {
      "version": "2.19.0",
      "resolved": "https://registry.npmjs.org/@okta/okta-signin-widget/-/okta-signin-widget-2.19.0.tgz",
      "integrity": "sha512-M0fkdgfGwZNCnnYrqlrVD3jERBeBJijgEgBQNdjugrpv7Dw4P8KBRiw0K2uenCS/WAhjWJj1DIqwFmEDPeP/3g==",
      "requires": {
        "@okta/okta-auth-js": "1.17.1",
        "babel-polyfill": "^6.23.0",
        "babel-runtime": "^6.26.0",
        "backbone": "1.2.1",
        "clipboard": "1.6.1",
        "fsevents": "*",
        "handlebars": "4.0.14",
        "jquery": "1.12.1",
        "q": "1.4.1",
        "u2f-api-polyfill": "0.4.1",
        "underscore": "1.8.3"
      }
    },
    "Base64": {
      "version": "0.3.0",
      "resolved": "https://registry.npmjs.org/Base64/-/Base64-0.3.0.tgz",
      "integrity": "sha1-baJhpOgNT6D1xoQlTlvM0Wu9zp8="
    },
    "async": {
      "version": "2.6.2",
      "resolved": "https://registry.npmjs.org/async/-/async-2.6.2.tgz",
      "integrity": "sha512-H1qVYh1MYhEEFLsP97cVKqCGo7KfCyTt6uEWqsTBr9SO84oK9Uwbyd/yCW+6rKJLHksBNUVWZDAjfS+Ccx0Bbg==",
      "requires": {
        "lodash": "^4.17.11"
      }
    },
    "babel-polyfill": {
      "version": "6.26.0",
      "resolved": "https://registry.npmjs.org/babel-polyfill/-/babel-polyfill-6.26.0.tgz",
      "integrity": "sha1-N5k3q8Z9eJWXCtxiHyhM2WbPIVM=",
      "requires": {
        "babel-runtime": "^6.26.0",
        "core-js": "^2.5.0",
        "regenerator-runtime": "^0.10.5"
      }
    },
    "babel-runtime": {
      "version": "6.26.0",
      "resolved": "https://registry.npmjs.org/babel-runtime/-/babel-runtime-6.26.0.tgz",
      "integrity": "sha1-llxwWGaOgrVde/4E/yM3vItWR/4=",
      "requires": {
        "core-js": "^2.4.0",
        "regenerator-runtime": "^0.11.0"
      },
      "dependencies": {
        "regenerator-runtime": {
          "version": "0.11.1",
          "resolved": "https://registry.npmjs.org/regenerator-runtime/-/regenerator-runtime-0.11.1.tgz",
          "integrity": "sha512-MguG95oij0fC3QV3URf4V2SDYGJhJnJGqvIIgdECeODCT98wSWDAJ94SSuVpYQUoTcGUIL6L4yNB7j1DFFHSBg=="
        }
      }
    },
    "backbone": {
      "version": "1.2.1",
      "resolved": "https://registry.npmjs.org/backbone/-/backbone-1.2.1.tgz",
      "integrity": "sha1-1yGcXtSeXhMdv/ryXJbW0sw8oD4=",
      "requires": {
        "underscore": ">=1.7.0"
      }
    },
    "clipboard": {
      "version": "1.6.1",
      "resolved": "https://registry.npmjs.org/clipboard/-/clipboard-1.6.1.tgz",
      "integrity": "sha1-ZcW2VIEkZrD6q4Lca6Dx0vjkvlM=",
      "requires": {
        "good-listener": "^1.2.0",
        "select": "^1.1.2",
        "tiny-emitter": "^1.0.0"
      }
    },
    "commander": {
      "version": "2.20.0",
      "resolved": "https://registry.npmjs.org/commander/-/commander-2.20.0.tgz",
      "integrity": "sha512-7j2y+40w61zy6YC2iRNpUe/NwhNyoXrYpHMrSunaMG64nRnaf96zO/KMQR4OyN/UnE5KLyEBnKHd4aG3rskjpQ==",
      "optional": true
    },
    "core-js": {
      "version": "2.6.5",
      "resolved": "https://registry.npmjs.org/core-js/-/core-js-2.6.5.tgz",
      "integrity": "sha512-klh/kDpwX8hryYL14M9w/xei6vrv6sE8gTHDG7/T/+SEovB/G4ejwcfE/CBzO6Edsu+OETZMZ3wcX/EjUkrl5A=="
    },
    "delegate": {
      "version": "3.2.0",
      "resolved": "https://registry.npmjs.org/delegate/-/delegate-3.2.0.tgz",
      "integrity": "sha512-IofjkYBZaZivn0V8nnsMJGBr4jVLxHDheKSW88PyxS5QC4Vo9ZbZVvhzlSxY87fVq3STR6r+4cGepyHkcWOQSw=="
    },
    "filepond": {
      "version": "4.4.0",
      "resolved": "https://registry.npmjs.org/filepond/-/filepond-4.4.0.tgz",
      "integrity": "sha512-HXKIVqWOo6GPkDUbgCfIkaj5tm68eKTaLfg8ZoGZf1ekkcGwTdZP+MVueOXGX8gRh5qrbp/m1VWr2MA6U991Mg=="
    },
    "fsevents": {
      "version": "2.0.6",
      "resolved": "https://registry.npmjs.org/fsevents/-/fsevents-2.0.6.tgz",
      "integrity": "sha512-vfmKZp3XPM36DNF0qhW+Cdxk7xm7gTEHY1clv1Xq1arwRQuKZgAhw+NZNWbJBtuaNxzNXwhfdPYRrvIbjfS33A==",
      "optional": true
    },
    "good-listener": {
      "version": "1.2.2",
      "resolved": "https://registry.npmjs.org/good-listener/-/good-listener-1.2.2.tgz",
      "integrity": "sha1-1TswzfkxPf+33JoNR3CWqm0UXFA=",
      "requires": {
        "delegate": "^3.1.2"
      }
    },
    "handlebars": {
      "version": "4.0.14",
      "resolved": "https://registry.npmjs.org/handlebars/-/handlebars-4.0.14.tgz",
      "integrity": "sha512-E7tDoyAA8ilZIV3xDJgl18sX3M8xB9/fMw8+mfW4msLW8jlX97bAnWgT3pmaNXuvzIEgSBMnAHfuXsB2hdzfow==",
      "requires": {
        "async": "^2.5.0",
        "optimist": "^0.6.1",
        "source-map": "^0.6.1",
        "uglify-js": "^3.1.4"
      }
    },
    "jquery": {
      "version": "1.12.1",
      "resolved": "https://registry.npmjs.org/jquery/-/jquery-1.12.1.tgz",
      "integrity": "sha1-nMNM5HgNTOuQxEMo8HEGTwGWDBg="
    },
    "json-query": {
      "version": "2.2.2",
      "resolved": "https://registry.npmjs.org/json-query/-/json-query-2.2.2.tgz",
      "integrity": "sha1-tlWLijeUzNIXkmqjgCQyS3e0irE="
    },
    "lodash": {
      "version": "4.17.11",
      "resolved": "https://registry.npmjs.org/lodash/-/lodash-4.17.11.tgz",
      "integrity": "sha512-cQKh8igo5QUhZ7lg38DYWAxMvjSAKG0A8wGSVimP07SIUEK2UO+arSRKbRZWtelMtN5V0Hkwh5ryOto/SshYIg=="
    },
    "minimist": {
      "version": "0.0.10",
      "resolved": "https://registry.npmjs.org/minimist/-/minimist-0.0.10.tgz",
      "integrity": "sha1-3j+YVD2/lggr5IrRoMfNqDYwHc8="
    },
    "optimist": {
      "version": "0.6.1",
      "resolved": "https://registry.npmjs.org/optimist/-/optimist-0.6.1.tgz",
      "integrity": "sha1-2j6nRob6IaGaERwybpDrFaAZZoY=",
      "requires": {
        "minimist": "~0.0.1",
        "wordwrap": "~0.0.2"
      }
    },
    "q": {
      "version": "1.4.1",
      "resolved": "https://registry.npmjs.org/q/-/q-1.4.1.tgz",
      "integrity": "sha1-VXBbzZPF82c1MMLCy8DCs63cKG4="
    },
    "regenerator-runtime": {
      "version": "0.10.5",
      "resolved": "https://registry.npmjs.org/regenerator-runtime/-/regenerator-runtime-0.10.5.tgz",
      "integrity": "sha1-M2w+/BIgrc7dosn6tntaeVWjNlg="
    },
    "reqwest": {
      "version": "2.0.5",
      "resolved": "https://registry.npmjs.org/reqwest/-/reqwest-2.0.5.tgz",
      "integrity": "sha1-APsVrEkYxBnKgrQ/JMeIguZgOaE="
    },
    "select": {
      "version": "1.1.2",
      "resolved": "https://registry.npmjs.org/select/-/select-1.1.2.tgz",
      "integrity": "sha1-DnNQrN7ICxEIUoeG7B1EGNEbOW0="
    },
    "source-map": {
      "version": "0.6.1",
      "resolved": "https://registry.npmjs.org/source-map/-/source-map-0.6.1.tgz",
      "integrity": "sha512-UjgapumWlbMhkBgzT7Ykc5YXUT46F0iKu8SGXq0bcwP5dz/h0Plj6enJqjz1Zbq2l5WaqYnrVbwWOWMyF3F47g=="
    },
    "tiny-emitter": {
      "version": "1.1.0",
      "resolved": "https://registry.npmjs.org/tiny-emitter/-/tiny-emitter-1.1.0.tgz",
      "integrity": "sha1-q0BaIf/tgUp2wZc5ZICT1wZU/ss="
    },
    "u2f-api-polyfill": {
      "version": "0.4.1",
      "resolved": "https://registry.npmjs.org/u2f-api-polyfill/-/u2f-api-polyfill-0.4.1.tgz",
      "integrity": "sha1-bkFcRz7vxAqJc/NycZUrUtRD2a0="
    },
    "uglify-js": {
      "version": "3.5.10",
      "resolved": "https://registry.npmjs.org/uglify-js/-/uglify-js-3.5.10.tgz",
      "integrity": "sha512-/GTF0nosyPLbdJBd+AwYiZ+Hu5z8KXWnO0WCGt1BQ/u9Iamhejykqmz5o1OHJ53+VAk6xVxychonnApDjuqGsw==",
      "optional": true,
      "requires": {
        "commander": "~2.20.0",
        "source-map": "~0.6.1"
      }
    },
    "underscore": {
      "version": "1.8.3",
      "resolved": "https://registry.npmjs.org/underscore/-/underscore-1.8.3.tgz",
      "integrity": "sha1-Tz+1OxBuYJf8+ctBCfKl6b36UCI="
    },
    "vue": {
      "version": "2.6.10",
      "resolved": "https://registry.npmjs.org/vue/-/vue-2.6.10.tgz",
      "integrity": "sha512-ImThpeNU9HbdZL3utgMCq0oiMzAkt1mcgy3/E6zWC/G6AaQoeuFdsl9nDhTDU3X1R6FK7nsIUuRACVcjI+A2GQ=="
    },
    "vue-filepond": {
      "version": "5.1.0",
      "resolved": "https://registry.npmjs.org/vue-filepond/-/vue-filepond-5.1.0.tgz",
      "integrity": "sha512-un5SJGQv7ijzFajw7iDddRU8XaRfjtkytHtwUwfW1nqi2N+pXKWs1QDrfqm2hhvTtvbDNaWWmeChCBNjA06RgA=="
    },
    "vue-sidebar-menu": {
      "version": "3.6.3",
      "resolved": "https://registry.npmjs.org/vue-sidebar-menu/-/vue-sidebar-menu-3.6.3.tgz",
      "integrity": "sha512-DqoPcAz92GYFibbzLpgFnfscXiho7TGeNIDh5BYRExvng61cszuWDlFpKz0S4/rTMAfRIGEiDB2zM7UJ2+8LEA==",
      "requires": {
        "vue": "^2.5.21"
      }
    },
    "wordwrap": {
      "version": "0.0.3",
      "resolved": "https://registry.npmjs.org/wordwrap/-/wordwrap-0.0.3.tgz",
      "integrity": "sha1-o9XabNXAvAAI03I0u68b7WMFkQc="
    },
    "xhr2": {
      "version": "0.1.3",
      "resolved": "https://registry.npmjs.org/xhr2/-/xhr2-0.1.3.tgz",
      "integrity": "sha1-y/xHWaabSoiOeM9PILBRA4dXvRE="
    }
  }
}
