{
  "name": "habitat",
  "version": "1.0.0",
  "lockfileVersion": 1,
  "requires": true,
  "dependencies": {
    "filepond": {
      "version": "4.4.0",
      "resolved": "https://registry.npmjs.org/filepond/-/filepond-4.4.0.tgz",
      "integrity": "sha512-HXKIVqWOo6GPkDUbgCfIkaj5tm68eKTaLfg8ZoGZf1ekkcGwTdZP+MVueOXGX8gRh5qrbp/m1VWr2MA6U991Mg=="
    },
    "jquery": {
      "version": "3.4.0",
      "resolved": "https://registry.npmjs.org/jquery/-/jquery-3.4.0.tgz",
      "integrity": "sha512-ggRCXln9zEqv6OqAGXFEcshF5dSBvCkzj6Gm2gzuR5fWawaX8t7cxKVkkygKODrDAzKdoYw3l/e3pm3vlT4IbQ=="
    },
    "json-query": {
      "version": "2.2.2",
      "resolved": "https://registry.npmjs.org/json-query/-/json-query-2.2.2.tgz",
      "integrity": "sha1-tlWLijeUzNIXkmqjgCQyS3e0irE="
    },
    "vue": {
      "version": "2.6.10",
      "resolved": "https://registry.npmjs.org/vue/-/vue-2.6.10.tgz",
      "integrity": "sha512-ImThpeNU9HbdZL3utgMCq0oiMzAkt1mcgy3/E6zWC/G6AaQoeuFdsl9nDhTDU3X1R6FK7nsIUuRACVcjI+A2GQ=="
    },
    "vue-filepond": {
      "version": "5.1.0",
      "resolved": "https://registry.npmjs.org/vue-filepond/-/vue-filepond-5.1.0.tgz",
      "integrity": "sha512-un5SJGQv7ijzFajw7iDddRU8XaRfjtkytHtwUwfW1nqi2N+pXKWs1QDrfqm2hhvTtvbDNaWWmeChCBNjA06RgA=="
    },
    "vue-sidebar-menu": {
      "version": "3.6.3",
      "resolved": "https://registry.npmjs.org/vue-sidebar-menu/-/vue-sidebar-menu-3.6.3.tgz",
      "integrity": "sha512-DqoPcAz92GYFibbzLpgFnfscXiho7TGeNIDh5BYRExvng61cszuWDlFpKz0S4/rTMAfRIGEiDB2zM7UJ2+8LEA==",
      "requires": {
        "vue": "^2.5.21"
      }
    }
  }
}
